
Microsoft Visual Studio Solution File, Format Version 12.00
# Visual Studio 2012
Project("{FAE04EC0-301F-11D3-BF4B-00C04F79EFBC}") = "NoHtml.Web.Tests.Integration", "Tests\NoHtml.Web.Tests.Integration\NoHtml.Web.Tests.Integration.csproj", "{03959314-E5F5-46F9-9592-CB3E5E69D976}"
EndProject
Project("{2150E333-8FDC-42A3-9474-1A3956D46DE8}") = ".nuget", ".nuget", "{621E2ABC-D25F-4B47-B032-67893FB07DD4}"
	ProjectSection(SolutionItems) = preProject
		.nuget\NuGet.Config = .nuget\NuGet.Config
		.nuget\NuGet.targets = .nuget\NuGet.targets
	EndProjectSection
EndProject
Project("{2150E333-8FDC-42A3-9474-1A3956D46DE8}") = "Tests", "Tests", "{DEA3A5F2-C933-4FBA-8CDE-77B42A1505F4}"
EndProject
Project("{FAE04EC0-301F-11D3-BF4B-00C04F79EFBC}") = "NoHtml.Web.Tests.Unit", "Tests\NoHtml.Web.Tests.Unit\NoHtml.Web.Tests.Unit.csproj", "{6EE43A53-FD53-4950-85A9-A4414918192B}"
EndProject
Project("{2150E333-8FDC-42A3-9474-1A3956D46DE8}") = "Examples", "Examples", "{DB4883DF-FA5D-4668-AB10-69DFBC339306}"
EndProject
Project("{FAE04EC0-301F-11D3-BF4B-00C04F79EFBC}") = "NoHtml.WebApp", "Examples\NoHtml.WebApp\NoHtml.WebApp.csproj", "{D3850903-C1A1-4A5D-8650-57023762FBDD}"
EndProject
Project("{2150E333-8FDC-42A3-9474-1A3956D46DE8}") = "Libraries", "Libraries", "{C9801807-8B32-4C5F-82F5-0DCD931DBF05}"
	ProjectSection(SolutionItems) = preProject
		Libraries\AssemblyVersionInfo.cs = Libraries\AssemblyVersionInfo.cs
	EndProjectSection
EndProject
Project("{FAE04EC0-301F-11D3-BF4B-00C04F79EFBC}") = "NoHtml.Web", "Libraries\NoHtml.Web\NoHtml.Web.csproj", "{902BC494-A886-4B43-91DA-27967E822414}"
EndProject
Project("{FAE04EC0-301F-11D3-BF4B-00C04F79EFBC}") = "NoHtml.Web.Mvc", "Libraries\NoHtml.Web.Mvc\NoHtml.Web.Mvc.csproj", "{DB3100E6-108F-474E-9728-33E920DF7DDA}"
EndProject
Global
	GlobalSection(SolutionConfigurationPlatforms) = preSolution
		Debug|Any CPU = Debug|Any CPU
		Release|Any CPU = Release|Any CPU
	EndGlobalSection
	GlobalSection(ProjectConfigurationPlatforms) = postSolution
		{03959314-E5F5-46F9-9592-CB3E5E69D976}.Debug|Any CPU.ActiveCfg = Debug|Any CPU
		{03959314-E5F5-46F9-9592-CB3E5E69D976}.Debug|Any CPU.Build.0 = Debug|Any CPU
		{03959314-E5F5-46F9-9592-CB3E5E69D976}.Release|Any CPU.ActiveCfg = Release|Any CPU
		{03959314-E5F5-46F9-9592-CB3E5E69D976}.Release|Any CPU.Build.0 = Release|Any CPU
		{6EE43A53-FD53-4950-85A9-A4414918192B}.Debug|Any CPU.ActiveCfg = Debug|Any CPU
		{6EE43A53-FD53-4950-85A9-A4414918192B}.Debug|Any CPU.Build.0 = Debug|Any CPU
		{6EE43A53-FD53-4950-85A9-A4414918192B}.Release|Any CPU.ActiveCfg = Release|Any CPU
		{6EE43A53-FD53-4950-85A9-A4414918192B}.Release|Any CPU.Build.0 = Release|Any CPU
		{D3850903-C1A1-4A5D-8650-57023762FBDD}.Debug|Any CPU.ActiveCfg = Debug|Any CPU
		{D3850903-C1A1-4A5D-8650-57023762FBDD}.Debug|Any CPU.Build.0 = Debug|Any CPU
		{D3850903-C1A1-4A5D-8650-57023762FBDD}.Release|Any CPU.ActiveCfg = Release|Any CPU
		{D3850903-C1A1-4A5D-8650-57023762FBDD}.Release|Any CPU.Build.0 = Release|Any CPU
		{902BC494-A886-4B43-91DA-27967E822414}.Debug|Any CPU.ActiveCfg = Debug|Any CPU
		{902BC494-A886-4B43-91DA-27967E822414}.Debug|Any CPU.Build.0 = Debug|Any CPU
		{902BC494-A886-4B43-91DA-27967E822414}.Release|Any CPU.ActiveCfg = Release|Any CPU
		{902BC494-A886-4B43-91DA-27967E822414}.Release|Any CPU.Build.0 = Release|Any CPU
		{DB3100E6-108F-474E-9728-33E920DF7DDA}.Debug|Any CPU.ActiveCfg = Debug|Any CPU
		{DB3100E6-108F-474E-9728-33E920DF7DDA}.Debug|Any CPU.Build.0 = Debug|Any CPU
		{DB3100E6-108F-474E-9728-33E920DF7DDA}.Release|Any CPU.ActiveCfg = Release|Any CPU
		{DB3100E6-108F-474E-9728-33E920DF7DDA}.Release|Any CPU.Build.0 = Release|Any CPU
	EndGlobalSection
	GlobalSection(SolutionProperties) = preSolution
		HideSolutionNode = FALSE
	EndGlobalSection
	GlobalSection(NestedProjects) = preSolution
		{03959314-E5F5-46F9-9592-CB3E5E69D976} = {DEA3A5F2-C933-4FBA-8CDE-77B42A1505F4}
		{6EE43A53-FD53-4950-85A9-A4414918192B} = {DEA3A5F2-C933-4FBA-8CDE-77B42A1505F4}
		{D3850903-C1A1-4A5D-8650-57023762FBDD} = {DB4883DF-FA5D-4668-AB10-69DFBC339306}
		{902BC494-A886-4B43-91DA-27967E822414} = {C9801807-8B32-4C5F-82F5-0DCD931DBF05}
		{DB3100E6-108F-474E-9728-33E920DF7DDA} = {C9801807-8B32-4C5F-82F5-0DCD931DBF05}
	EndGlobalSection
EndGlobal
