
Microsoft Visual Studio Solution File, Format Version 12.00
# Visual Studio 2013
VisualStudioVersion = 12.0.30110.0
MinimumVisualStudioVersion = 10.0.40219.1
Project("{FAE04EC0-301F-11D3-BF4B-00C04F79EFBC}") = "NoHtml.Web.Tests.Integration", "Tests\NoHtml.Web.Tests.Integration\NoHtml.Web.Tests.Integration.csproj", "{03959314-E5F5-46F9-9592-CB3E5E69D976}"
EndProject
Project("{2150E333-8FDC-42A3-9474-1A3956D46DE8}") = ".nuget", ".nuget", "{621E2ABC-D25F-4B47-B032-67893FB07DD4}"
	ProjectSection(SolutionItems) = preProject
		.nuget\NuGet.Config = .nuget\NuGet.Config
		.nuget\NuGet.targets = .nuget\NuGet.targets
	EndProjectSection
EndProject
Project("{2150E333-8FDC-42A3-9474-1A3956D46DE8}") = "Tests", "Tests", "{DEA3A5F2-C933-4FBA-8CDE-77B42A1505F4}"
EndProject
Project("{FAE04EC0-301F-11D3-BF4B-00C04F79EFBC}") = "NoHtml.Web.Tests.Unit", "Tests\NoHtml.Web.Tests.Unit\NoHtml.Web.Tests.Unit.csproj", "{6EE43A53-FD53-4950-85A9-A4414918192B}"
EndProject
Project("{2150E333-8FDC-42A3-9474-1A3956D46DE8}") = "Examples", "Examples", "{DB4883DF-FA5D-4668-AB10-69DFBC339306}"
EndProject
Project("{FAE04EC0-301F-11D3-BF4B-00C04F79EFBC}") = "NoHtml.WebApp", "Examples\NoHtml.WebApp\NoHtml.WebApp.csproj", "{D3850903-C1A1-4A5D-8650-57023762FBDD}"
EndProject
Project("{FAE04EC0-301F-11D3-BF4B-00C04F79EFBC}") = "NoHtml.Tests.Integration", "Tests\NoHtml.Tests.Integration\NoHtml.Tests.Integration.csproj", "{556A1D48-DE22-4BD0-BB31-F81FA0A85C02}"
EndProject
Project("{2150E333-8FDC-42A3-9474-1A3956D46DE8}") = "Library", "Library", "{6EBFFB24-7A9B-423F-8BC5-5489FBCB51F7}"
EndProject
Project("{FAE04EC0-301F-11D3-BF4B-00C04F79EFBC}") = "NoHtml.Core", "Libraries\NoHtml.Core\NoHtml.Core.csproj", "{E6E44282-2936-4DAB-8C71-3231B0E8C940}"
EndProject
Project("{FAE04EC0-301F-11D3-BF4B-00C04F79EFBC}") = "NoHtml.Web", "Libraries\NoHtml.Web\NoHtml.Web.csproj", "{902BC494-A886-4B43-91DA-27967E822414}"
EndProject
Project("{FAE04EC0-301F-11D3-BF4B-00C04F79EFBC}") = "NoHtml.Tests.Unit", "Tests\NoHtml.Tests.Unit\NoHtml.Tests.Unit.csproj", "{2A57C334-C934-4C70-ABCC-0FF1DA53304E}"
EndProject
Project("{FAE04EC0-301F-11D3-BF4B-00C04F79EFBC}") = "NoHtml.Web.Mvc", "Libraries\NoHtml.Web.Mvc\NoHtml.Web.Mvc.csproj", "{081437E5-A778-4993-B9A7-1BD58B3C06B5}"
EndProject
Project("{FAE04EC0-301F-11D3-BF4B-00C04F79EFBC}") = "NoHtml.MvcApp", "Examples\NoHtml.MvcApp\NoHtml.MvcApp.csproj", "{9DED3E21-6E1F-44E3-A77F-BE9FB0447EF7}"
EndProject
Global
	GlobalSection(SolutionConfigurationPlatforms) = preSolution
		Debug|Any CPU = Debug|Any CPU
		Release|Any CPU = Release|Any CPU
	EndGlobalSection
	GlobalSection(ProjectConfigurationPlatforms) = postSolution
		{03959314-E5F5-46F9-9592-CB3E5E69D976}.Debug|Any CPU.ActiveCfg = Debug|Any CPU
		{03959314-E5F5-46F9-9592-CB3E5E69D976}.Debug|Any CPU.Build.0 = Debug|Any CPU
		{03959314-E5F5-46F9-9592-CB3E5E69D976}.Release|Any CPU.ActiveCfg = Release|Any CPU
		{03959314-E5F5-46F9-9592-CB3E5E69D976}.Release|Any CPU.Build.0 = Release|Any CPU
		{6EE43A53-FD53-4950-85A9-A4414918192B}.Debug|Any CPU.ActiveCfg = Debug|Any CPU
		{6EE43A53-FD53-4950-85A9-A4414918192B}.Debug|Any CPU.Build.0 = Debug|Any CPU
		{6EE43A53-FD53-4950-85A9-A4414918192B}.Release|Any CPU.ActiveCfg = Release|Any CPU
		{6EE43A53-FD53-4950-85A9-A4414918192B}.Release|Any CPU.Build.0 = Release|Any CPU
		{D3850903-C1A1-4A5D-8650-57023762FBDD}.Debug|Any CPU.ActiveCfg = Debug|Any CPU
		{D3850903-C1A1-4A5D-8650-57023762FBDD}.Debug|Any CPU.Build.0 = Debug|Any CPU
		{D3850903-C1A1-4A5D-8650-57023762FBDD}.Release|Any CPU.ActiveCfg = Release|Any CPU
		{D3850903-C1A1-4A5D-8650-57023762FBDD}.Release|Any CPU.Build.0 = Release|Any CPU
		{556A1D48-DE22-4BD0-BB31-F81FA0A85C02}.Debug|Any CPU.ActiveCfg = Debug|Any CPU
		{556A1D48-DE22-4BD0-BB31-F81FA0A85C02}.Debug|Any CPU.Build.0 = Debug|Any CPU
		{556A1D48-DE22-4BD0-BB31-F81FA0A85C02}.Release|Any CPU.ActiveCfg = Release|Any CPU
		{556A1D48-DE22-4BD0-BB31-F81FA0A85C02}.Release|Any CPU.Build.0 = Release|Any CPU
		{E6E44282-2936-4DAB-8C71-3231B0E8C940}.Debug|Any CPU.ActiveCfg = Debug|Any CPU
		{E6E44282-2936-4DAB-8C71-3231B0E8C940}.Debug|Any CPU.Build.0 = Debug|Any CPU
		{E6E44282-2936-4DAB-8C71-3231B0E8C940}.Release|Any CPU.ActiveCfg = Release|Any CPU
		{E6E44282-2936-4DAB-8C71-3231B0E8C940}.Release|Any CPU.Build.0 = Release|Any CPU
		{902BC494-A886-4B43-91DA-27967E822414}.Debug|Any CPU.ActiveCfg = Debug|Any CPU
		{902BC494-A886-4B43-91DA-27967E822414}.Debug|Any CPU.Build.0 = Debug|Any CPU
		{902BC494-A886-4B43-91DA-27967E822414}.Release|Any CPU.ActiveCfg = Release|Any CPU
		{902BC494-A886-4B43-91DA-27967E822414}.Release|Any CPU.Build.0 = Release|Any CPU
		{2A57C334-C934-4C70-ABCC-0FF1DA53304E}.Debug|Any CPU.ActiveCfg = Debug|Any CPU
		{2A57C334-C934-4C70-ABCC-0FF1DA53304E}.Debug|Any CPU.Build.0 = Debug|Any CPU
		{2A57C334-C934-4C70-ABCC-0FF1DA53304E}.Release|Any CPU.ActiveCfg = Release|Any CPU
		{2A57C334-C934-4C70-ABCC-0FF1DA53304E}.Release|Any CPU.Build.0 = Release|Any CPU
		{081437E5-A778-4993-B9A7-1BD58B3C06B5}.Debug|Any CPU.ActiveCfg = Debug|Any CPU
		{081437E5-A778-4993-B9A7-1BD58B3C06B5}.Debug|Any CPU.Build.0 = Debug|Any CPU
		{081437E5-A778-4993-B9A7-1BD58B3C06B5}.Release|Any CPU.ActiveCfg = Release|Any CPU
		{081437E5-A778-4993-B9A7-1BD58B3C06B5}.Release|Any CPU.Build.0 = Release|Any CPU
		{9DED3E21-6E1F-44E3-A77F-BE9FB0447EF7}.Debug|Any CPU.ActiveCfg = Debug|Any CPU
		{9DED3E21-6E1F-44E3-A77F-BE9FB0447EF7}.Debug|Any CPU.Build.0 = Debug|Any CPU
		{9DED3E21-6E1F-44E3-A77F-BE9FB0447EF7}.Release|Any CPU.ActiveCfg = Release|Any CPU
		{9DED3E21-6E1F-44E3-A77F-BE9FB0447EF7}.Release|Any CPU.Build.0 = Release|Any CPU
	EndGlobalSection
	GlobalSection(SolutionProperties) = preSolution
		HideSolutionNode = FALSE
	EndGlobalSection
	GlobalSection(NestedProjects) = preSolution
		{03959314-E5F5-46F9-9592-CB3E5E69D976} = {DEA3A5F2-C933-4FBA-8CDE-77B42A1505F4}
		{6EE43A53-FD53-4950-85A9-A4414918192B} = {DEA3A5F2-C933-4FBA-8CDE-77B42A1505F4}
		{556A1D48-DE22-4BD0-BB31-F81FA0A85C02} = {DEA3A5F2-C933-4FBA-8CDE-77B42A1505F4}
		{2A57C334-C934-4C70-ABCC-0FF1DA53304E} = {DEA3A5F2-C933-4FBA-8CDE-77B42A1505F4}
		{D3850903-C1A1-4A5D-8650-57023762FBDD} = {DB4883DF-FA5D-4668-AB10-69DFBC339306}
		{9DED3E21-6E1F-44E3-A77F-BE9FB0447EF7} = {DB4883DF-FA5D-4668-AB10-69DFBC339306}
		{E6E44282-2936-4DAB-8C71-3231B0E8C940} = {6EBFFB24-7A9B-423F-8BC5-5489FBCB51F7}
		{902BC494-A886-4B43-91DA-27967E822414} = {6EBFFB24-7A9B-423F-8BC5-5489FBCB51F7}
		{081437E5-A778-4993-B9A7-1BD58B3C06B5} = {6EBFFB24-7A9B-423F-8BC5-5489FBCB51F7}
	EndGlobalSection
EndGlobal
